
Microsoft Visual Studio Solution File, Format Version 12.00
Project("{FAE04EC0-301F-11D3-BF4B-00C04F79EFBC}") = "data", "data\data.csproj", "{CE3F32DD-886A-4DCB-ABA5-37C38F8BE2F1}"
EndProject
Project("{FAE04EC0-301F-11D3-BF4B-00C04F79EFBC}") = "api", "api\api.csproj", "{FD662812-399A-434C-A068-92624250E296}"
EndProject
Global
	GlobalSection(SolutionConfigurationPlatforms) = preSolution
		Debug|Any CPU = Debug|Any CPU
		Release|Any CPU = Release|Any CPU
	EndGlobalSection
	GlobalSection(ProjectConfigurationPlatforms) = postSolution
		{CE3F32DD-886A-4DCB-ABA5-37C38F8BE2F1}.Debug|Any CPU.ActiveCfg = Debug|Any CPU
		{CE3F32DD-886A-4DCB-ABA5-37C38F8BE2F1}.Debug|Any CPU.Build.0 = Debug|Any CPU
		{CE3F32DD-886A-4DCB-ABA5-37C38F8BE2F1}.Release|Any CPU.ActiveCfg = Release|Any CPU
		{CE3F32DD-886A-4DCB-ABA5-37C38F8BE2F1}.Release|Any CPU.Build.0 = Release|Any CPU
		{FD662812-399A-434C-A068-92624250E296}.Debug|Any CPU.ActiveCfg = Debug|Any CPU
		{FD662812-399A-434C-A068-92624250E296}.Debug|Any CPU.Build.0 = Debug|Any CPU
		{FD662812-399A-434C-A068-92624250E296}.Release|Any CPU.ActiveCfg = Release|Any CPU
		{FD662812-399A-434C-A068-92624250E296}.Release|Any CPU.Build.0 = Release|Any CPU
	EndGlobalSection
EndGlobal
